// !$*UTF8*$!
{
	archiveVersion = 1;
	classes = {
	};
	objectVersion = 50;
	objects = {

/* Begin PBXBuildFile section */
		80BBC6D020DCE92A0095CF75 /* AppDelegate.swift in Sources */ = {isa = PBXBuildFile; fileRef = 80BBC6CF20DCE92A0095CF75 /* AppDelegate.swift */; };
		80BBC6D520DCE92B0095CF75 /* Main.storyboard in Resources */ = {isa = PBXBuildFile; fileRef = 80BBC6D320DCE92B0095CF75 /* Main.storyboard */; };
		80BBC6D720DCE92C0095CF75 /* Assets.xcassets in Resources */ = {isa = PBXBuildFile; fileRef = 80BBC6D620DCE92C0095CF75 /* Assets.xcassets */; };
		80BBC6DA20DCE92C0095CF75 /* LaunchScreen.storyboard in Resources */ = {isa = PBXBuildFile; fileRef = 80BBC6D820DCE92C0095CF75 /* LaunchScreen.storyboard */; };
		80BBC6EB20DCE9770095CF75 /* PushTransition.swift in Sources */ = {isa = PBXBuildFile; fileRef = 80BBC6E420DCE9760095CF75 /* PushTransition.swift */; };
		80BBC6EC20DCE9770095CF75 /* Animator.swift in Sources */ = {isa = PBXBuildFile; fileRef = 80BBC6E520DCE9760095CF75 /* Animator.swift */; };
		80BBC6ED20DCE9770095CF75 /* Transition.swift in Sources */ = {isa = PBXBuildFile; fileRef = 80BBC6E620DCE9760095CF75 /* Transition.swift */; };
		80BBC6EE20DCE9770095CF75 /* ModalTransition.swift in Sources */ = {isa = PBXBuildFile; fileRef = 80BBC6E720DCE9760095CF75 /* ModalTransition.swift */; };
		80BBC6F020DCE9770095CF75 /* AppSettingsRoute.swift in Sources */ = {isa = PBXBuildFile; fileRef = 80BBC6E920DCE9760095CF75 /* AppSettingsRoute.swift */; };
		80BBC6F120DCE9770095CF75 /* Router.swift in Sources */ = {isa = PBXBuildFile; fileRef = 80BBC6EA20DCE9760095CF75 /* Router.swift */; };
		80BBC6F420DCEA330095CF75 /* ProfileRoute.swift in Sources */ = {isa = PBXBuildFile; fileRef = 80BBC6F320DCEA330095CF75 /* ProfileRoute.swift */; };
		80BBC6F720DCEA6D0095CF75 /* ProfileViewController.swift in Sources */ = {isa = PBXBuildFile; fileRef = 80BBC6F620DCEA6D0095CF75 /* ProfileViewController.swift */; };
		80BBC6F920DCEC160095CF75 /* FriendsViewController.swift in Sources */ = {isa = PBXBuildFile; fileRef = 80BBC6F820DCEC160095CF75 /* FriendsViewController.swift */; };
		80BBC6FC20DCEE280095CF75 /* FriendsRouter.swift in Sources */ = {isa = PBXBuildFile; fileRef = 80BBC6FB20DCEE280095CF75 /* FriendsRouter.swift */; };
		80BBC6FE20DCEFE90095CF75 /* ProfileRouter.swift in Sources */ = {isa = PBXBuildFile; fileRef = 80BBC6FD20DCEFE90095CF75 /* ProfileRouter.swift */; };
		80BBC73C20DFD5D80095CF75 /* FreindsBuilder.swift in Sources */ = {isa = PBXBuildFile; fileRef = 80BBC73B20DFD5D80095CF75 /* FreindsBuilder.swift */; };
/* End PBXBuildFile section */

/* Begin PBXFileReference section */
		80BBC6CC20DCE92A0095CF75 /* TestRouting.app */ = {isa = PBXFileReference; explicitFileType = wrapper.application; includeInIndex = 0; path = TestRouting.app; sourceTree = BUILT_PRODUCTS_DIR; };
		80BBC6CF20DCE92A0095CF75 /* AppDelegate.swift */ = {isa = PBXFileReference; lastKnownFileType = sourcecode.swift; path = AppDelegate.swift; sourceTree = "<group>"; };
		80BBC6D420DCE92B0095CF75 /* Base */ = {isa = PBXFileReference; lastKnownFileType = file.storyboard; name = Base; path = Base.lproj/Main.storyboard; sourceTree = "<group>"; };
		80BBC6D620DCE92C0095CF75 /* Assets.xcassets */ = {isa = PBXFileReference; lastKnownFileType = folder.assetcatalog; path = Assets.xcassets; sourceTree = "<group>"; };
		80BBC6D920DCE92C0095CF75 /* Base */ = {isa = PBXFileReference; lastKnownFileType = file.storyboard; name = Base; path = Base.lproj/LaunchScreen.storyboard; sourceTree = "<group>"; };
		80BBC6DB20DCE92C0095CF75 /* Info.plist */ = {isa = PBXFileReference; lastKnownFileType = text.plist.xml; path = Info.plist; sourceTree = "<group>"; };
		80BBC6E420DCE9760095CF75 /* PushTransition.swift */ = {isa = PBXFileReference; fileEncoding = 4; lastKnownFileType = sourcecode.swift; path = PushTransition.swift; sourceTree = "<group>"; };
		80BBC6E520DCE9760095CF75 /* Animator.swift */ = {isa = PBXFileReference; fileEncoding = 4; lastKnownFileType = sourcecode.swift; path = Animator.swift; sourceTree = "<group>"; };
		80BBC6E620DCE9760095CF75 /* Transition.swift */ = {isa = PBXFileReference; fileEncoding = 4; lastKnownFileType = sourcecode.swift; path = Transition.swift; sourceTree = "<group>"; };
		80BBC6E720DCE9760095CF75 /* ModalTransition.swift */ = {isa = PBXFileReference; fileEncoding = 4; lastKnownFileType = sourcecode.swift; path = ModalTransition.swift; sourceTree = "<group>"; };
		80BBC6E920DCE9760095CF75 /* AppSettingsRoute.swift */ = {isa = PBXFileReference; fileEncoding = 4; lastKnownFileType = sourcecode.swift; path = AppSettingsRoute.swift; sourceTree = "<group>"; };
		80BBC6EA20DCE9760095CF75 /* Router.swift */ = {isa = PBXFileReference; fileEncoding = 4; lastKnownFileType = sourcecode.swift; path = Router.swift; sourceTree = "<group>"; };
		80BBC6F320DCEA330095CF75 /* ProfileRoute.swift */ = {isa = PBXFileReference; lastKnownFileType = sourcecode.swift; path = ProfileRoute.swift; sourceTree = "<group>"; };
		80BBC6F620DCEA6D0095CF75 /* ProfileViewController.swift */ = {isa = PBXFileReference; lastKnownFileType = sourcecode.swift; path = ProfileViewController.swift; sourceTree = "<group>"; };
		80BBC6F820DCEC160095CF75 /* FriendsViewController.swift */ = {isa = PBXFileReference; lastKnownFileType = sourcecode.swift; path = FriendsViewController.swift; sourceTree = "<group>"; };
		80BBC6FB20DCEE280095CF75 /* FriendsRouter.swift */ = {isa = PBXFileReference; lastKnownFileType = sourcecode.swift; path = FriendsRouter.swift; sourceTree = "<group>"; };
		80BBC6FD20DCEFE90095CF75 /* ProfileRouter.swift */ = {isa = PBXFileReference; lastKnownFileType = sourcecode.swift; path = ProfileRouter.swift; sourceTree = "<group>"; };
		80BBC73B20DFD5D80095CF75 /* FreindsBuilder.swift */ = {isa = PBXFileReference; lastKnownFileType = sourcecode.swift; path = FreindsBuilder.swift; sourceTree = "<group>"; };
/* End PBXFileReference section */

/* Begin PBXFrameworksBuildPhase section */
		80BBC6C920DCE92A0095CF75 /* Frameworks */ = {
			isa = PBXFrameworksBuildPhase;
			buildActionMask = 2147483647;
			files = (
			);
			runOnlyForDeploymentPostprocessing = 0;
		};
/* End PBXFrameworksBuildPhase section */

/* Begin PBXGroup section */
		80BBC6C320DCE92A0095CF75 = {
			isa = PBXGroup;
			children = (
				80BBC6CE20DCE92A0095CF75 /* TestRouting */,
				80BBC6CD20DCE92A0095CF75 /* Products */,
			);
			sourceTree = "<group>";
		};
		80BBC6CD20DCE92A0095CF75 /* Products */ = {
			isa = PBXGroup;
			children = (
				80BBC6CC20DCE92A0095CF75 /* TestRouting.app */,
			);
			name = Products;
			sourceTree = "<group>";
		};
		80BBC6CE20DCE92A0095CF75 /* TestRouting */ = {
			isa = PBXGroup;
			children = (
				80BBC6F520DCEA5E0095CF75 /* VC */,
				80BBC6F220DCEA260095CF75 /* Routes */,
				80BBC6FA20DCEC620095CF75 /* Router */,
				80BBC6E320DCE95F0095CF75 /* Routing */,
				80BBC6CF20DCE92A0095CF75 /* AppDelegate.swift */,
				80BBC6D320DCE92B0095CF75 /* Main.storyboard */,
				80BBC6D620DCE92C0095CF75 /* Assets.xcassets */,
				80BBC6D820DCE92C0095CF75 /* LaunchScreen.storyboard */,
				80BBC6DB20DCE92C0095CF75 /* Info.plist */,
			);
			path = TestRouting;
			sourceTree = "<group>";
		};
		80BBC6E320DCE95F0095CF75 /* Routing */ = {
			isa = PBXGroup;
			children = (
				80BBC6E520DCE9760095CF75 /* Animator.swift */,
				80BBC6E920DCE9760095CF75 /* AppSettingsRoute.swift */,
				80BBC6E720DCE9760095CF75 /* ModalTransition.swift */,
				80BBC6E420DCE9760095CF75 /* PushTransition.swift */,
				80BBC6EA20DCE9760095CF75 /* Router.swift */,
				80BBC6E620DCE9760095CF75 /* Transition.swift */,
			);
			path = Routing;
			sourceTree = "<group>";
		};
		80BBC6F220DCEA260095CF75 /* Routes */ = {
			isa = PBXGroup;
			children = (
				80BBC6F320DCEA330095CF75 /* ProfileRoute.swift */,
			);
			path = Routes;
			sourceTree = "<group>";
		};
		80BBC6F520DCEA5E0095CF75 /* VC */ = {
			isa = PBXGroup;
			children = (
				80BBC6F620DCEA6D0095CF75 /* ProfileViewController.swift */,
				80BBC6F820DCEC160095CF75 /* FriendsViewController.swift */,
				80BBC73B20DFD5D80095CF75 /* FreindsBuilder.swift */,
			);
			path = VC;
			sourceTree = "<group>";
		};
		80BBC6FA20DCEC620095CF75 /* Router */ = {
			isa = PBXGroup;
			children = (
				80BBC6FB20DCEE280095CF75 /* FriendsRouter.swift */,
				80BBC6FD20DCEFE90095CF75 /* ProfileRouter.swift */,
			);
			path = Router;
			sourceTree = "<group>";
		};
/* End PBXGroup section */

/* Begin PBXNativeTarget section */
		80BBC6CB20DCE92A0095CF75 /* TestRouting */ = {
			isa = PBXNativeTarget;
			buildConfigurationList = 80BBC6DE20DCE92C0095CF75 /* Build configuration list for PBXNativeTarget "TestRouting" */;
			buildPhases = (
				80BBC6C820DCE92A0095CF75 /* Sources */,
				80BBC6C920DCE92A0095CF75 /* Frameworks */,
				80BBC6CA20DCE92A0095CF75 /* Resources */,
			);
			buildRules = (
			);
			dependencies = (
			);
			name = TestRouting;
			productName = TestRouting;
			productReference = 80BBC6CC20DCE92A0095CF75 /* TestRouting.app */;
			productType = "com.apple.product-type.application";
		};
/* End PBXNativeTarget section */

/* Begin PBXProject section */
		80BBC6C420DCE92A0095CF75 /* Project object */ = {
			isa = PBXProject;
			attributes = {
				LastSwiftUpdateCheck = 0930;
				LastUpgradeCheck = 0930;
				ORGANIZATIONNAME = "Raed MEZRAOUI";
				TargetAttributes = {
					80BBC6CB20DCE92A0095CF75 = {
						CreatedOnToolsVersion = 9.3;
					};
				};
			};
			buildConfigurationList = 80BBC6C720DCE92A0095CF75 /* Build configuration list for PBXProject "TestRouting" */;
			compatibilityVersion = "Xcode 9.3";
			developmentRegion = en;
			hasScannedForEncodings = 0;
			knownRegions = (
				en,
				Base,
			);
			mainGroup = 80BBC6C320DCE92A0095CF75;
			productRefGroup = 80BBC6CD20DCE92A0095CF75 /* Products */;
			projectDirPath = "";
			projectRoot = "";
			targets = (
				80BBC6CB20DCE92A0095CF75 /* TestRouting */,
			);
		};
/* End PBXProject section */

/* Begin PBXResourcesBuildPhase section */
		80BBC6CA20DCE92A0095CF75 /* Resources */ = {
			isa = PBXResourcesBuildPhase;
			buildActionMask = 2147483647;
			files = (
				80BBC6DA20DCE92C0095CF75 /* LaunchScreen.storyboard in Resources */,
				80BBC6D720DCE92C0095CF75 /* Assets.xcassets in Resources */,
				80BBC6D520DCE92B0095CF75 /* Main.storyboard in Resources */,
			);
			runOnlyForDeploymentPostprocessing = 0;
		};
/* End PBXResourcesBuildPhase section */

/* Begin PBXSourcesBuildPhase section */
		80BBC6C820DCE92A0095CF75 /* Sources */ = {
			isa = PBXSourcesBuildPhase;
			buildActionMask = 2147483647;
			files = (
				80BBC6EE20DCE9770095CF75 /* ModalTransition.swift in Sources */,
				80BBC6FE20DCEFE90095CF75 /* ProfileRouter.swift in Sources */,
				80BBC6ED20DCE9770095CF75 /* Transition.swift in Sources */,
				80BBC73C20DFD5D80095CF75 /* FreindsBuilder.swift in Sources */,
				80BBC6FC20DCEE280095CF75 /* FriendsRouter.swift in Sources */,
				80BBC6F020DCE9770095CF75 /* AppSettingsRoute.swift in Sources */,
				80BBC6EC20DCE9770095CF75 /* Animator.swift in Sources */,
				80BBC6F120DCE9770095CF75 /* Router.swift in Sources */,
				80BBC6F920DCEC160095CF75 /* FriendsViewController.swift in Sources */,
				80BBC6F720DCEA6D0095CF75 /* ProfileViewController.swift in Sources */,
				80BBC6EB20DCE9770095CF75 /* PushTransition.swift in Sources */,
				80BBC6D020DCE92A0095CF75 /* AppDelegate.swift in Sources */,
				80BBC6F420DCEA330095CF75 /* ProfileRoute.swift in Sources */,
			);
			runOnlyForDeploymentPostprocessing = 0;
		};
/* End PBXSourcesBuildPhase section */

/* Begin PBXVariantGroup section */
		80BBC6D320DCE92B0095CF75 /* Main.storyboard */ = {
			isa = PBXVariantGroup;
			children = (
				80BBC6D420DCE92B0095CF75 /* Base */,
			);
			name = Main.storyboard;
			sourceTree = "<group>";
		};
		80BBC6D820DCE92C0095CF75 /* LaunchScreen.storyboard */ = {
			isa = PBXVariantGroup;
			children = (
				80BBC6D920DCE92C0095CF75 /* Base */,
			);
			name = LaunchScreen.storyboard;
			sourceTree = "<group>";
		};
/* End PBXVariantGroup section */

/* Begin XCBuildConfiguration section */
		80BBC6DC20DCE92C0095CF75 /* Debug */ = {
			isa = XCBuildConfiguration;
			buildSettings = {
				ALWAYS_SEARCH_USER_PATHS = NO;
				CLANG_ANALYZER_NONNULL = YES;
				CLANG_ANALYZER_NUMBER_OBJECT_CONVERSION = YES_AGGRESSIVE;
				CLANG_CXX_LANGUAGE_STANDARD = "gnu++14";
				CLANG_CXX_LIBRARY = "libc++";
				CLANG_ENABLE_MODULES = YES;
				CLANG_ENABLE_OBJC_ARC = YES;
				CLANG_ENABLE_OBJC_WEAK = YES;
				CLANG_WARN_BLOCK_CAPTURE_AUTORELEASING = YES;
				CLANG_WARN_BOOL_CONVERSION = YES;
				CLANG_WARN_COMMA = YES;
				CLANG_WARN_CONSTANT_CONVERSION = YES;
				CLANG_WARN_DEPRECATED_OBJC_IMPLEMENTATIONS = YES;
				CLANG_WARN_DIRECT_OBJC_ISA_USAGE = YES_ERROR;
				CLANG_WARN_DOCUMENTATION_COMMENTS = YES;
				CLANG_WARN_EMPTY_BODY = YES;
				CLANG_WARN_ENUM_CONVERSION = YES;
				CLANG_WARN_INFINITE_RECURSION = YES;
				CLANG_WARN_INT_CONVERSION = YES;
				CLANG_WARN_NON_LITERAL_NULL_CONVERSION = YES;
				CLANG_WARN_OBJC_IMPLICIT_RETAIN_SELF = YES;
				CLANG_WARN_OBJC_LITERAL_CONVERSION = YES;
				CLANG_WARN_OBJC_ROOT_CLASS = YES_ERROR;
				CLANG_WARN_RANGE_LOOP_ANALYSIS = YES;
				CLANG_WARN_STRICT_PROTOTYPES = YES;
				CLANG_WARN_SUSPICIOUS_MOVE = YES;
				CLANG_WARN_UNGUARDED_AVAILABILITY = YES_AGGRESSIVE;
				CLANG_WARN_UNREACHABLE_CODE = YES;
				CLANG_WARN__DUPLICATE_METHOD_MATCH = YES;
				CODE_SIGN_IDENTITY = "iPhone Developer";
				COPY_PHASE_STRIP = NO;
				DEBUG_INFORMATION_FORMAT = dwarf;
				ENABLE_STRICT_OBJC_MSGSEND = YES;
				ENABLE_TESTABILITY = YES;
				GCC_C_LANGUAGE_STANDARD = gnu11;
				GCC_DYNAMIC_NO_PIC = NO;
				GCC_NO_COMMON_BLOCKS = YES;
				GCC_OPTIMIZATION_LEVEL = 0;
				GCC_PREPROCESSOR_DEFINITIONS = (
					"DEBUG=1",
					"$(inherited)",
				);
				GCC_WARN_64_TO_32_BIT_CONVERSION = YES;
				GCC_WARN_ABOUT_RETURN_TYPE = YES_ERROR;
				GCC_WARN_UNDECLARED_SELECTOR = YES;
				GCC_WARN_UNINITIALIZED_AUTOS = YES_AGGRESSIVE;
				GCC_WARN_UNUSED_FUNCTION = YES;
				GCC_WARN_UNUSED_VARIABLE = YES;
				IPHONEOS_DEPLOYMENT_TARGET = 11.3;
				MTL_ENABLE_DEBUG_INFO = YES;
				ONLY_ACTIVE_ARCH = YES;
				SDKROOT = iphoneos;
				SWIFT_ACTIVE_COMPILATION_CONDITIONS = DEBUG;
				SWIFT_OPTIMIZATION_LEVEL = "-Onone";
			};
			name = Debug;
		};
		80BBC6DD20DCE92C0095CF75 /* Release */ = {
			isa = XCBuildConfiguration;
			buildSettings = {
				ALWAYS_SEARCH_USER_PATHS = NO;
				CLANG_ANALYZER_NONNULL = YES;
				CLANG_ANALYZER_NUMBER_OBJECT_CONVERSION = YES_AGGRESSIVE;
				CLANG_CXX_LANGUAGE_STANDARD = "gnu++14";
				CLANG_CXX_LIBRARY = "libc++";
				CLANG_ENABLE_MODULES = YES;
				CLANG_ENABLE_OBJC_ARC = YES;
				CLANG_ENABLE_OBJC_WEAK = YES;
				CLANG_WARN_BLOCK_CAPTURE_AUTORELEASING = YES;
				CLANG_WARN_BOOL_CONVERSION = YES;
				CLANG_WARN_COMMA = YES;
				CLANG_WARN_CONSTANT_CONVERSION = YES;
				CLANG_WARN_DEPRECATED_OBJC_IMPLEMENTATIONS = YES;
				CLANG_WARN_DIRECT_OBJC_ISA_USAGE = YES_ERROR;
				CLANG_WARN_DOCUMENTATION_COMMENTS = YES;
				CLANG_WARN_EMPTY_BODY = YES;
				CLANG_WARN_ENUM_CONVERSION = YES;
				CLANG_WARN_INFINITE_RECURSION = YES;
				CLANG_WARN_INT_CONVERSION = YES;
				CLANG_WARN_NON_LITERAL_NULL_CONVERSION = YES;
				CLANG_WARN_OBJC_IMPLICIT_RETAIN_SELF = YES;
				CLANG_WARN_OBJC_LITERAL_CONVERSION = YES;
				CLANG_WARN_OBJC_ROOT_CLASS = YES_ERROR;
				CLANG_WARN_RANGE_LOOP_ANALYSIS = YES;
				CLANG_WARN_STRICT_PROTOTYPES = YES;
				CLANG_WARN_SUSPICIOUS_MOVE = YES;
				CLANG_WARN_UNGUARDED_AVAILABILITY = YES_AGGRESSIVE;
				CLANG_WARN_UNREACHABLE_CODE = YES;
				CLANG_WARN__DUPLICATE_METHOD_MATCH = YES;
				CODE_SIGN_IDENTITY = "iPhone Developer";
				COPY_PHASE_STRIP = NO;
				DEBUG_INFORMATION_FORMAT = "dwarf-with-dsym";
				ENABLE_NS_ASSERTIONS = NO;
				ENABLE_STRICT_OBJC_MSGSEND = YES;
				GCC_C_LANGUAGE_STANDARD = gnu11;
				GCC_NO_COMMON_BLOCKS = YES;
				GCC_WARN_64_TO_32_BIT_CONVERSION = YES;
				GCC_WARN_ABOUT_RETURN_TYPE = YES_ERROR;
				GCC_WARN_UNDECLARED_SELECTOR = YES;
				GCC_WARN_UNINITIALIZED_AUTOS = YES_AGGRESSIVE;
				GCC_WARN_UNUSED_FUNCTION = YES;
				GCC_WARN_UNUSED_VARIABLE = YES;
				IPHONEOS_DEPLOYMENT_TARGET = 11.3;
				MTL_ENABLE_DEBUG_INFO = NO;
				SDKROOT = iphoneos;
				SWIFT_COMPILATION_MODE = wholemodule;
				SWIFT_OPTIMIZATION_LEVEL = "-O";
				VALIDATE_PRODUCT = YES;
			};
			name = Release;
		};
		80BBC6DF20DCE92C0095CF75 /* Debug */ = {
			isa = XCBuildConfiguration;
			buildSettings = {
				ASSETCATALOG_COMPILER_APPICON_NAME = AppIcon;
				CODE_SIGN_STYLE = Automatic;
				INFOPLIST_FILE = TestRouting/Info.plist;
				LD_RUNPATH_SEARCH_PATHS = (
					"$(inherited)",
					"@executable_path/Frameworks",
				);
				PRODUCT_BUNDLE_IDENTIFIER = com.ibm.TestRouting;
				PRODUCT_NAME = "$(TARGET_NAME)";
				SWIFT_VERSION = 4.0;
				TARGETED_DEVICE_FAMILY = "1,2";
			};
			name = Debug;
		};
		80BBC6E020DCE92C0095CF75 /* Release */ = {
			isa = XCBuildConfiguration;
			buildSettings = {
				ASSETCATALOG_COMPILER_APPICON_NAME = AppIcon;
				CODE_SIGN_STYLE = Automatic;
				INFOPLIST_FILE = TestRouting/Info.plist;
				LD_RUNPATH_SEARCH_PATHS = (
					"$(inherited)",
					"@executable_path/Frameworks",
				);
				PRODUCT_BUNDLE_IDENTIFIER = com.ibm.TestRouting;
				PRODUCT_NAME = "$(TARGET_NAME)";
				SWIFT_VERSION = 4.0;
				TARGETED_DEVICE_FAMILY = "1,2";
			};
			name = Release;
		};
/* End XCBuildConfiguration section */

/* Begin XCConfigurationList section */
		80BBC6C720DCE92A0095CF75 /* Build configuration list for PBXProject "TestRouting" */ = {
			isa = XCConfigurationList;
			buildConfigurations = (
				80BBC6DC20DCE92C0095CF75 /* Debug */,
				80BBC6DD20DCE92C0095CF75 /* Release */,
			);
			defaultConfigurationIsVisible = 0;
			defaultConfigurationName = Release;
		};
		80BBC6DE20DCE92C0095CF75 /* Build configuration list for PBXNativeTarget "TestRouting" */ = {
			isa = XCConfigurationList;
			buildConfigurations = (
				80BBC6DF20DCE92C0095CF75 /* Debug */,
				80BBC6E020DCE92C0095CF75 /* Release */,
			);
			defaultConfigurationIsVisible = 0;
			defaultConfigurationName = Release;
		};
/* End XCConfigurationList section */
	};
	rootObject = 80BBC6C420DCE92A0095CF75 /* Project object */;
}
